// !$*UTF8*$!
{
	archiveVersion = 1;
	classes = {
	};
	objectVersion = 56;
	objects = {

/* Begin PBXBuildFile section */
		E7896AD52B5F87E000240031 /* SpacingViewsApp.swift in Sources */ = {isa = PBXBuildFile; fileRef = E7896AD42B5F87E000240031 /* SpacingViewsApp.swift */; };
		E7896AD72B5F87E000240031 /* ContentView.swift in Sources */ = {isa = PBXBuildFile; fileRef = E7896AD62B5F87E000240031 /* ContentView.swift */; };
		E7896AD92B5F87EC00240031 /* Assets.xcassets in Resources */ = {isa = PBXBuildFile; fileRef = E7896AD82B5F87EC00240031 /* Assets.xcassets */; };
		E7896ADC2B5F87EC00240031 /* Preview Assets.xcassets in Resources */ = {isa = PBXBuildFile; fileRef = E7896ADB2B5F87EC00240031 /* Preview Assets.xcassets */; };
		E7896AE32B5F884E00240031 /* TrainCar.swift in Sources */ = {isa = PBXBuildFile; fileRef = E7896AE22B5F884E00240031 /* TrainCar.swift */; };
		E7896AE62B5F8A7900240031 /* DefaultSpacing.swift in Sources */ = {isa = PBXBuildFile; fileRef = E7896AE52B5F8A7900240031 /* DefaultSpacing.swift */; };
		E7896AE82B5F8D8900240031 /* SpecificSpacing.swift in Sources */ = {isa = PBXBuildFile; fileRef = E7896AE72B5F8D8900240031 /* SpecificSpacing.swift */; };
		E7896AEA2B5F8ED800240031 /* ScaledSpacing.swift in Sources */ = {isa = PBXBuildFile; fileRef = E7896AE92B5F8ED800240031 /* ScaledSpacing.swift */; };
		E7896AED2B5F972200240031 /* DefaultPadding.swift in Sources */ = {isa = PBXBuildFile; fileRef = E7896AEC2B5F972200240031 /* DefaultPadding.swift */; };
		E7896AEF2B5F978A00240031 /* PaddingSomeEdges.swift in Sources */ = {isa = PBXBuildFile; fileRef = E7896AEE2B5F978A00240031 /* PaddingSomeEdges.swift */; };
		E7896AF12B5F985F00240031 /* SpecificPadding.swift in Sources */ = {isa = PBXBuildFile; fileRef = E7896AF02B5F985F00240031 /* SpecificPadding.swift */; };
		E7896AF32B5F9B3A00240031 /* PaddingTheContainer.swift in Sources */ = {isa = PBXBuildFile; fileRef = E7896AF22B5F9B3A00240031 /* PaddingTheContainer.swift */; };
		E7896AF62B5F9D4700240031 /* AddingSpacer.swift in Sources */ = {isa = PBXBuildFile; fileRef = E7896AF52B5F9D4700240031 /* AddingSpacer.swift */; };
		E7896AF82B5F9E8A00240031 /* AddingPlaceholder.swift in Sources */ = {isa = PBXBuildFile; fileRef = E7896AF72B5F9E8A00240031 /* AddingPlaceholder.swift */; };
		E7896AFA2B5F9F5100240031 /* StackginPlaceholder.swift in Sources */ = {isa = PBXBuildFile; fileRef = E7896AF92B5F9F5100240031 /* StackginPlaceholder.swift */; };
/* End PBXBuildFile section */

/* Begin PBXFileReference section */
		E7896AD12B5F87E000240031 /* SpacingViews.app */ = {isa = PBXFileReference; explicitFileType = wrapper.application; includeInIndex = 0; path = SpacingViews.app; sourceTree = BUILT_PRODUCTS_DIR; };
		E7896AD42B5F87E000240031 /* SpacingViewsApp.swift */ = {isa = PBXFileReference; lastKnownFileType = sourcecode.swift; path = SpacingViewsApp.swift; sourceTree = "<group>"; };
		E7896AD62B5F87E000240031 /* ContentView.swift */ = {isa = PBXFileReference; lastKnownFileType = sourcecode.swift; path = ContentView.swift; sourceTree = "<group>"; };
		E7896AD82B5F87EC00240031 /* Assets.xcassets */ = {isa = PBXFileReference; lastKnownFileType = folder.assetcatalog; path = Assets.xcassets; sourceTree = "<group>"; };
		E7896ADB2B5F87EC00240031 /* Preview Assets.xcassets */ = {isa = PBXFileReference; lastKnownFileType = folder.assetcatalog; path = "Preview Assets.xcassets"; sourceTree = "<group>"; };
		E7896AE22B5F884E00240031 /* TrainCar.swift */ = {isa = PBXFileReference; lastKnownFileType = sourcecode.swift; path = TrainCar.swift; sourceTree = "<group>"; };
		E7896AE52B5F8A7900240031 /* DefaultSpacing.swift */ = {isa = PBXFileReference; lastKnownFileType = sourcecode.swift; path = DefaultSpacing.swift; sourceTree = "<group>"; };
		E7896AE72B5F8D8900240031 /* SpecificSpacing.swift */ = {isa = PBXFileReference; lastKnownFileType = sourcecode.swift; path = SpecificSpacing.swift; sourceTree = "<group>"; };
		E7896AE92B5F8ED800240031 /* ScaledSpacing.swift */ = {isa = PBXFileReference; lastKnownFileType = sourcecode.swift; path = ScaledSpacing.swift; sourceTree = "<group>"; };
		E7896AEC2B5F972200240031 /* DefaultPadding.swift */ = {isa = PBXFileReference; lastKnownFileType = sourcecode.swift; path = DefaultPadding.swift; sourceTree = "<group>"; };
		E7896AEE2B5F978A00240031 /* PaddingSomeEdges.swift */ = {isa = PBXFileReference; lastKnownFileType = sourcecode.swift; path = PaddingSomeEdges.swift; sourceTree = "<group>"; };
		E7896AF02B5F985F00240031 /* SpecificPadding.swift */ = {isa = PBXFileReference; lastKnownFileType = sourcecode.swift; path = SpecificPadding.swift; sourceTree = "<group>"; };
		E7896AF22B5F9B3A00240031 /* PaddingTheContainer.swift */ = {isa = PBXFileReference; lastKnownFileType = sourcecode.swift; path = PaddingTheContainer.swift; sourceTree = "<group>"; };
		E7896AF52B5F9D4700240031 /* AddingSpacer.swift */ = {isa = PBXFileReference; lastKnownFileType = sourcecode.swift; path = AddingSpacer.swift; sourceTree = "<group>"; };
		E7896AF72B5F9E8A00240031 /* AddingPlaceholder.swift */ = {isa = PBXFileReference; lastKnownFileType = sourcecode.swift; path = AddingPlaceholder.swift; sourceTree = "<group>"; };
		E7896AF92B5F9F5100240031 /* StackginPlaceholder.swift */ = {isa = PBXFileReference; lastKnownFileType = sourcecode.swift; path = StackginPlaceholder.swift; sourceTree = "<group>"; };
/* End PBXFileReference section */

/* Begin PBXFrameworksBuildPhase section */
		E7896ACE2B5F87E000240031 /* Frameworks */ = {
			isa = PBXFrameworksBuildPhase;
			buildActionMask = 2147483647;
			files = (
			);
			runOnlyForDeploymentPostprocessing = 0;
		};
/* End PBXFrameworksBuildPhase section */

/* Begin PBXGroup section */
		E7896AC82B5F87E000240031 = {
			isa = PBXGroup;
			children = (
				E7896AD32B5F87E000240031 /* SpacingViews */,
				E7896AD22B5F87E000240031 /* Products */,
			);
			sourceTree = "<group>";
		};
		E7896AD22B5F87E000240031 /* Products */ = {
			isa = PBXGroup;
			children = (
				E7896AD12B5F87E000240031 /* SpacingViews.app */,
			);
			name = Products;
			sourceTree = "<group>";
		};
		E7896AD32B5F87E000240031 /* SpacingViews */ = {
			isa = PBXGroup;
			children = (
				E7896AF42B5F9D2900240031 /* AddingViews */,
				E7896AEB2B5F971600240031 /* Padding */,
				E7896AE42B5F8A6000240031 /* Spacing */,
				E7896AD42B5F87E000240031 /* SpacingViewsApp.swift */,
				E7896AD62B5F87E000240031 /* ContentView.swift */,
				E7896AD82B5F87EC00240031 /* Assets.xcassets */,
				E7896ADA2B5F87EC00240031 /* Preview Content */,
				E7896AE22B5F884E00240031 /* TrainCar.swift */,
			);
			path = SpacingViews;
			sourceTree = "<group>";
		};
		E7896ADA2B5F87EC00240031 /* Preview Content */ = {
			isa = PBXGroup;
			children = (
				E7896ADB2B5F87EC00240031 /* Preview Assets.xcassets */,
			);
			path = "Preview Content";
			sourceTree = "<group>";
		};
		E7896AE42B5F8A6000240031 /* Spacing */ = {
			isa = PBXGroup;
			children = (
				E7896AE52B5F8A7900240031 /* DefaultSpacing.swift */,
				E7896AE72B5F8D8900240031 /* SpecificSpacing.swift */,
				E7896AE92B5F8ED800240031 /* ScaledSpacing.swift */,
			);
			path = Spacing;
			sourceTree = "<group>";
		};
		E7896AEB2B5F971600240031 /* Padding */ = {
			isa = PBXGroup;
			children = (
				E7896AEC2B5F972200240031 /* DefaultPadding.swift */,
				E7896AEE2B5F978A00240031 /* PaddingSomeEdges.swift */,
				E7896AF02B5F985F00240031 /* SpecificPadding.swift */,
				E7896AF22B5F9B3A00240031 /* PaddingTheContainer.swift */,
			);
			path = Padding;
			sourceTree = "<group>";
		};
		E7896AF42B5F9D2900240031 /* AddingViews */ = {
			isa = PBXGroup;
			children = (
				E7896AF52B5F9D4700240031 /* AddingSpacer.swift */,
				E7896AF72B5F9E8A00240031 /* AddingPlaceholder.swift */,
				E7896AF92B5F9F5100240031 /* StackginPlaceholder.swift */,
			);
			path = AddingViews;
			sourceTree = "<group>";
		};
/* End PBXGroup section */

/* Begin PBXNativeTarget section */
		E7896AD02B5F87E000240031 /* SpacingViews */ = {
			isa = PBXNativeTarget;
			buildConfigurationList = E7896ADF2B5F87EC00240031 /* Build configuration list for PBXNativeTarget "SpacingViews" */;
			buildPhases = (
				E7896ACD2B5F87E000240031 /* Sources */,
				E7896ACE2B5F87E000240031 /* Frameworks */,
				E7896ACF2B5F87E000240031 /* Resources */,
			);
			buildRules = (
			);
			dependencies = (
			);
			name = SpacingViews;
			productName = SpacingViews;
			productReference = E7896AD12B5F87E000240031 /* SpacingViews.app */;
			productType = "com.apple.product-type.application";
		};
/* End PBXNativeTarget section */

/* Begin PBXProject section */
		E7896AC92B5F87E000240031 /* Project object */ = {
			isa = PBXProject;
			attributes = {
				BuildIndependentTargetsInParallel = 1;
				LastSwiftUpdateCheck = 1500;
				LastUpgradeCheck = 1500;
				TargetAttributes = {
					E7896AD02B5F87E000240031 = {
						CreatedOnToolsVersion = 15.0.1;
					};
				};
			};
			buildConfigurationList = E7896ACC2B5F87E000240031 /* Build configuration list for PBXProject "SpacingViews" */;
			compatibilityVersion = "Xcode 14.0";
			developmentRegion = en;
			hasScannedForEncodings = 0;
			knownRegions = (
				en,
				Base,
			);
			mainGroup = E7896AC82B5F87E000240031;
			productRefGroup = E7896AD22B5F87E000240031 /* Products */;
			projectDirPath = "";
			projectRoot = "";
			targets = (
				E7896AD02B5F87E000240031 /* SpacingViews */,
			);
		};
/* End PBXProject section */

/* Begin PBXResourcesBuildPhase section */
		E7896ACF2B5F87E000240031 /* Resources */ = {
			isa = PBXResourcesBuildPhase;
			buildActionMask = 2147483647;
			files = (
				E7896ADC2B5F87EC00240031 /* Preview Assets.xcassets in Resources */,
				E7896AD92B5F87EC00240031 /* Assets.xcassets in Resources */,
			);
			runOnlyForDeploymentPostprocessing = 0;
		};
/* End PBXResourcesBuildPhase section */

/* Begin PBXSourcesBuildPhase section */
		E7896ACD2B5F87E000240031 /* Sources */ = {
			isa = PBXSourcesBuildPhase;
			buildActionMask = 2147483647;
			files = (
				E7896AE32B5F884E00240031 /* TrainCar.swift in Sources */,
				E7896AE62B5F8A7900240031 /* DefaultSpacing.swift in Sources */,
				E7896AFA2B5F9F5100240031 /* StackginPlaceholder.swift in Sources */,
				E7896AE82B5F8D8900240031 /* SpecificSpacing.swift in Sources */,
				E7896AD72B5F87E000240031 /* ContentView.swift in Sources */,
				E7896AF12B5F985F00240031 /* SpecificPadding.swift in Sources */,
				E7896AF32B5F9B3A00240031 /* PaddingTheContainer.swift in Sources */,
				E7896AEF2B5F978A00240031 /* PaddingSomeEdges.swift in Sources */,
				E7896AD52B5F87E000240031 /* SpacingViewsApp.swift in Sources */,
				E7896AF82B5F9E8A00240031 /* AddingPlaceholder.swift in Sources */,
				E7896AF62B5F9D4700240031 /* AddingSpacer.swift in Sources */,
				E7896AEA2B5F8ED800240031 /* ScaledSpacing.swift in Sources */,
				E7896AED2B5F972200240031 /* DefaultPadding.swift in Sources */,
			);
			runOnlyForDeploymentPostprocessing = 0;
		};
/* End PBXSourcesBuildPhase section */

/* Begin XCBuildConfiguration section */
		E7896ADD2B5F87EC00240031 /* Debug */ = {
			isa = XCBuildConfiguration;
			buildSettings = {
				ALWAYS_SEARCH_USER_PATHS = NO;
				ASSETCATALOG_COMPILER_GENERATE_SWIFT_ASSET_SYMBOL_EXTENSIONS = YES;
				CLANG_ANALYZER_NONNULL = YES;
				CLANG_ANALYZER_NUMBER_OBJECT_CONVERSION = YES_AGGRESSIVE;
				CLANG_CXX_LANGUAGE_STANDARD = "gnu++20";
				CLANG_ENABLE_MODULES = YES;
				CLANG_ENABLE_OBJC_ARC = YES;
				CLANG_ENABLE_OBJC_WEAK = YES;
				CLANG_WARN_BLOCK_CAPTURE_AUTORELEASING = YES;
				CLANG_WARN_BOOL_CONVERSION = YES;
				CLANG_WARN_COMMA = YES;
				CLANG_WARN_CONSTANT_CONVERSION = YES;
				CLANG_WARN_DEPRECATED_OBJC_IMPLEMENTATIONS = YES;
				CLANG_WARN_DIRECT_OBJC_ISA_USAGE = YES_ERROR;
				CLANG_WARN_DOCUMENTATION_COMMENTS = YES;
				CLANG_WARN_EMPTY_BODY = YES;
				CLANG_WARN_ENUM_CONVERSION = YES;
				CLANG_WARN_INFINITE_RECURSION = YES;
				CLANG_WARN_INT_CONVERSION = YES;
				CLANG_WARN_NON_LITERAL_NULL_CONVERSION = YES;
				CLANG_WARN_OBJC_IMPLICIT_RETAIN_SELF = YES;
				CLANG_WARN_OBJC_LITERAL_CONVERSION = YES;
				CLANG_WARN_OBJC_ROOT_CLASS = YES_ERROR;
				CLANG_WARN_QUOTED_INCLUDE_IN_FRAMEWORK_HEADER = YES;
				CLANG_WARN_RANGE_LOOP_ANALYSIS = YES;
				CLANG_WARN_STRICT_PROTOTYPES = YES;
				CLANG_WARN_SUSPICIOUS_MOVE = YES;
				CLANG_WARN_UNGUARDED_AVAILABILITY = YES_AGGRESSIVE;
				CLANG_WARN_UNREACHABLE_CODE = YES;
				CLANG_WARN__DUPLICATE_METHOD_MATCH = YES;
				COPY_PHASE_STRIP = NO;
				DEBUG_INFORMATION_FORMAT = dwarf;
				ENABLE_STRICT_OBJC_MSGSEND = YES;
				ENABLE_TESTABILITY = YES;
				ENABLE_USER_SCRIPT_SANDBOXING = YES;
				GCC_C_LANGUAGE_STANDARD = gnu17;
				GCC_DYNAMIC_NO_PIC = NO;
				GCC_NO_COMMON_BLOCKS = YES;
				GCC_OPTIMIZATION_LEVEL = 0;
				GCC_PREPROCESSOR_DEFINITIONS = (
					"DEBUG=1",
					"$(inherited)",
				);
				GCC_WARN_64_TO_32_BIT_CONVERSION = YES;
				GCC_WARN_ABOUT_RETURN_TYPE = YES_ERROR;
				GCC_WARN_UNDECLARED_SELECTOR = YES;
				GCC_WARN_UNINITIALIZED_AUTOS = YES_AGGRESSIVE;
				GCC_WARN_UNUSED_FUNCTION = YES;
				GCC_WARN_UNUSED_VARIABLE = YES;
				IPHONEOS_DEPLOYMENT_TARGET = 17.0;
				LOCALIZATION_PREFERS_STRING_CATALOGS = YES;
				MTL_ENABLE_DEBUG_INFO = INCLUDE_SOURCE;
				MTL_FAST_MATH = YES;
				ONLY_ACTIVE_ARCH = YES;
				SDKROOT = iphoneos;
				SWIFT_ACTIVE_COMPILATION_CONDITIONS = "DEBUG $(inherited)";
				SWIFT_OPTIMIZATION_LEVEL = "-Onone";
			};
			name = Debug;
		};
		E7896ADE2B5F87EC00240031 /* Release */ = {
			isa = XCBuildConfiguration;
			buildSettings = {
				ALWAYS_SEARCH_USER_PATHS = NO;
				ASSETCATALOG_COMPILER_GENERATE_SWIFT_ASSET_SYMBOL_EXTENSIONS = YES;
				CLANG_ANALYZER_NONNULL = YES;
				CLANG_ANALYZER_NUMBER_OBJECT_CONVERSION = YES_AGGRESSIVE;
				CLANG_CXX_LANGUAGE_STANDARD = "gnu++20";
				CLANG_ENABLE_MODULES = YES;
				CLANG_ENABLE_OBJC_ARC = YES;
				CLANG_ENABLE_OBJC_WEAK = YES;
				CLANG_WARN_BLOCK_CAPTURE_AUTORELEASING = YES;
				CLANG_WARN_BOOL_CONVERSION = YES;
				CLANG_WARN_COMMA = YES;
				CLANG_WARN_CONSTANT_CONVERSION = YES;
				CLANG_WARN_DEPRECATED_OBJC_IMPLEMENTATIONS = YES;
				CLANG_WARN_DIRECT_OBJC_ISA_USAGE = YES_ERROR;
				CLANG_WARN_DOCUMENTATION_COMMENTS = YES;
				CLANG_WARN_EMPTY_BODY = YES;
				CLANG_WARN_ENUM_CONVERSION = YES;
				CLANG_WARN_INFINITE_RECURSION = YES;
				CLANG_WARN_INT_CONVERSION = YES;
				CLANG_WARN_NON_LITERAL_NULL_CONVERSION = YES;
				CLANG_WARN_OBJC_IMPLICIT_RETAIN_SELF = YES;
				CLANG_WARN_OBJC_LITERAL_CONVERSION = YES;
				CLANG_WARN_OBJC_ROOT_CLASS = YES_ERROR;
				CLANG_WARN_QUOTED_INCLUDE_IN_FRAMEWORK_HEADER = YES;
				CLANG_WARN_RANGE_LOOP_ANALYSIS = YES;
				CLANG_WARN_STRICT_PROTOTYPES = YES;
				CLANG_WARN_SUSPICIOUS_MOVE = YES;
				CLANG_WARN_UNGUARDED_AVAILABILITY = YES_AGGRESSIVE;
				CLANG_WARN_UNREACHABLE_CODE = YES;
				CLANG_WARN__DUPLICATE_METHOD_MATCH = YES;
				COPY_PHASE_STRIP = NO;
				DEBUG_INFORMATION_FORMAT = "dwarf-with-dsym";
				ENABLE_NS_ASSERTIONS = NO;
				ENABLE_STRICT_OBJC_MSGSEND = YES;
				ENABLE_USER_SCRIPT_SANDBOXING = YES;
				GCC_C_LANGUAGE_STANDARD = gnu17;
				GCC_NO_COMMON_BLOCKS = YES;
				GCC_WARN_64_TO_32_BIT_CONVERSION = YES;
				GCC_WARN_ABOUT_RETURN_TYPE = YES_ERROR;
				GCC_WARN_UNDECLARED_SELECTOR = YES;
				GCC_WARN_UNINITIALIZED_AUTOS = YES_AGGRESSIVE;
				GCC_WARN_UNUSED_FUNCTION = YES;
				GCC_WARN_UNUSED_VARIABLE = YES;
				IPHONEOS_DEPLOYMENT_TARGET = 17.0;
				LOCALIZATION_PREFERS_STRING_CATALOGS = YES;
				MTL_ENABLE_DEBUG_INFO = NO;
				MTL_FAST_MATH = YES;
				SDKROOT = iphoneos;
				SWIFT_COMPILATION_MODE = wholemodule;
				VALIDATE_PRODUCT = YES;
			};
			name = Release;
		};
		E7896AE02B5F87EC00240031 /* Debug */ = {
			isa = XCBuildConfiguration;
			buildSettings = {
				ASSETCATALOG_COMPILER_APPICON_NAME = AppIcon;
				ASSETCATALOG_COMPILER_GLOBAL_ACCENT_COLOR_NAME = AccentColor;
				CODE_SIGN_STYLE = Automatic;
				CURRENT_PROJECT_VERSION = 1;
				DEVELOPMENT_ASSET_PATHS = "\"SpacingViews/Preview Content\"";
				DEVELOPMENT_TEAM = 5R34C4W9P8;
				ENABLE_PREVIEWS = YES;
				GENERATE_INFOPLIST_FILE = YES;
				INFOPLIST_KEY_UIApplicationSceneManifest_Generation = YES;
				INFOPLIST_KEY_UIApplicationSupportsIndirectInputEvents = YES;
				INFOPLIST_KEY_UILaunchScreen_Generation = YES;
				INFOPLIST_KEY_UISupportedInterfaceOrientations_iPad = "UIInterfaceOrientationPortrait UIInterfaceOrientationPortraitUpsideDown UIInterfaceOrientationLandscapeLeft UIInterfaceOrientationLandscapeRight";
				INFOPLIST_KEY_UISupportedInterfaceOrientations_iPhone = "UIInterfaceOrientationPortrait UIInterfaceOrientationLandscapeLeft UIInterfaceOrientationLandscapeRight";
				LD_RUNPATH_SEARCH_PATHS = (
					"$(inherited)",
					"@executable_path/Frameworks",
				);
				MARKETING_VERSION = 1.0;
				PRODUCT_BUNDLE_IDENTIFIER = com.yooonji08.SpacingViews;
				PRODUCT_NAME = "$(TARGET_NAME)";
				SWIFT_EMIT_LOC_STRINGS = YES;
				SWIFT_VERSION = 5.0;
				TARGETED_DEVICE_FAMILY = "1,2";
			};
			name = Debug;
		};
		E7896AE12B5F87EC00240031 /* Release */ = {
			isa = XCBuildConfiguration;
			buildSettings = {
				ASSETCATALOG_COMPILER_APPICON_NAME = AppIcon;
				ASSETCATALOG_COMPILER_GLOBAL_ACCENT_COLOR_NAME = AccentColor;
				CODE_SIGN_STYLE = Automatic;
				CURRENT_PROJECT_VERSION = 1;
				DEVELOPMENT_ASSET_PATHS = "\"SpacingViews/Preview Content\"";
				DEVELOPMENT_TEAM = 5R34C4W9P8;
				ENABLE_PREVIEWS = YES;
				GENERATE_INFOPLIST_FILE = YES;
				INFOPLIST_KEY_UIApplicationSceneManifest_Generation = YES;
				INFOPLIST_KEY_UIApplicationSupportsIndirectInputEvents = YES;
				INFOPLIST_KEY_UILaunchScreen_Generation = YES;
				INFOPLIST_KEY_UISupportedInterfaceOrientations_iPad = "UIInterfaceOrientationPortrait UIInterfaceOrientationPortraitUpsideDown UIInterfaceOrientationLandscapeLeft UIInterfaceOrientationLandscapeRight";
				INFOPLIST_KEY_UISupportedInterfaceOrientations_iPhone = "UIInterfaceOrientationPortrait UIInterfaceOrientationLandscapeLeft UIInterfaceOrientationLandscapeRight";
				LD_RUNPATH_SEARCH_PATHS = (
					"$(inherited)",
					"@executable_path/Frameworks",
				);
				MARKETING_VERSION = 1.0;
				PRODUCT_BUNDLE_IDENTIFIER = com.yooonji08.SpacingViews;
				PRODUCT_NAME = "$(TARGET_NAME)";
				SWIFT_EMIT_LOC_STRINGS = YES;
				SWIFT_VERSION = 5.0;
				TARGETED_DEVICE_FAMILY = "1,2";
			};
			name = Release;
		};
/* End XCBuildConfiguration section */

/* Begin XCConfigurationList section */
		E7896ACC2B5F87E000240031 /* Build configuration list for PBXProject "SpacingViews" */ = {
			isa = XCConfigurationList;
			buildConfigurations = (
				E7896ADD2B5F87EC00240031 /* Debug */,
				E7896ADE2B5F87EC00240031 /* Release */,
			);
			defaultConfigurationIsVisible = 0;
			defaultConfigurationName = Release;
		};
		E7896ADF2B5F87EC00240031 /* Build configuration list for PBXNativeTarget "SpacingViews" */ = {
			isa = XCConfigurationList;
			buildConfigurations = (
				E7896AE02B5F87EC00240031 /* Debug */,
				E7896AE12B5F87EC00240031 /* Release */,
			);
			defaultConfigurationIsVisible = 0;
			defaultConfigurationName = Release;
		};
/* End XCConfigurationList section */
	};
	rootObject = E7896AC92B5F87E000240031 /* Project object */;
}
