// !$*UTF8*$!
{
	archiveVersion = 1;
	classes = {
	};
	objectVersion = 56;
	objects = {

/* Begin PBXBuildFile section */
		E72DFD1C2B453DB6007E1CEE /* Landmarks02App.swift in Sources */ = {isa = PBXBuildFile; fileRef = E72DFD1B2B453DB6007E1CEE /* Landmarks02App.swift */; };
		E72DFD1E2B453DB6007E1CEE /* ContentView.swift in Sources */ = {isa = PBXBuildFile; fileRef = E72DFD1D2B453DB6007E1CEE /* ContentView.swift */; };
		E72DFD202B453DB7007E1CEE /* Assets.xcassets in Resources */ = {isa = PBXBuildFile; fileRef = E72DFD1F2B453DB7007E1CEE /* Assets.xcassets */; };
		E72DFD232B453DB7007E1CEE /* Preview Assets.xcassets in Resources */ = {isa = PBXBuildFile; fileRef = E72DFD222B453DB7007E1CEE /* Preview Assets.xcassets */; };
		E72DFD392B453DF2007E1CEE /* LICENSE.txt in Resources */ = {isa = PBXBuildFile; fileRef = E72DFD2B2B453DF2007E1CEE /* LICENSE.txt */; };
		E72DFD3A2B453DF2007E1CEE /* umbagog@2x.jpg in Resources */ = {isa = PBXBuildFile; fileRef = E72DFD2D2B453DF2007E1CEE /* umbagog@2x.jpg */; };
		E72DFD3B2B453DF2007E1CEE /* twinlake@2x.jpg in Resources */ = {isa = PBXBuildFile; fileRef = E72DFD2E2B453DF2007E1CEE /* twinlake@2x.jpg */; };
		E72DFD3C2B453DF2007E1CEE /* chincoteague@2x.jpg in Resources */ = {isa = PBXBuildFile; fileRef = E72DFD2F2B453DF2007E1CEE /* chincoteague@2x.jpg */; };
		E72DFD3D2B453DF2007E1CEE /* lakemcdonald@2x.jpg in Resources */ = {isa = PBXBuildFile; fileRef = E72DFD302B453DF2007E1CEE /* lakemcdonald@2x.jpg */; };
		E72DFD3E2B453DF2007E1CEE /* silversalmoncreek@2x.jpg in Resources */ = {isa = PBXBuildFile; fileRef = E72DFD312B453DF2007E1CEE /* silversalmoncreek@2x.jpg */; };
		E72DFD3F2B453DF2007E1CEE /* icybay@2x.jpg in Resources */ = {isa = PBXBuildFile; fileRef = E72DFD322B453DF2007E1CEE /* icybay@2x.jpg */; };
		E72DFD402B453DF2007E1CEE /* hiddenlake@2x.jpg in Resources */ = {isa = PBXBuildFile; fileRef = E72DFD332B453DF2007E1CEE /* hiddenlake@2x.jpg */; };
		E72DFD412B453DF2007E1CEE /* chilkoottrail@2x.jpg in Resources */ = {isa = PBXBuildFile; fileRef = E72DFD342B453DF2007E1CEE /* chilkoottrail@2x.jpg */; };
		E72DFD422B453DF2007E1CEE /* stmarylake@2x.jpg in Resources */ = {isa = PBXBuildFile; fileRef = E72DFD352B453DF2007E1CEE /* stmarylake@2x.jpg */; };
		E72DFD432B453DF2007E1CEE /* charleyrivers@2x.jpg in Resources */ = {isa = PBXBuildFile; fileRef = E72DFD362B453DF2007E1CEE /* charleyrivers@2x.jpg */; };
		E72DFD442B453DF2007E1CEE /* rainbowlake@2x.jpg in Resources */ = {isa = PBXBuildFile; fileRef = E72DFD372B453DF2007E1CEE /* rainbowlake@2x.jpg */; };
		E72DFD452B453DF2007E1CEE /* landmarkData.json in Resources */ = {isa = PBXBuildFile; fileRef = E72DFD382B453DF2007E1CEE /* landmarkData.json */; };
		E72DFD492B453E08007E1CEE /* ModelData.swift in Sources */ = {isa = PBXBuildFile; fileRef = E72DFD472B453E08007E1CEE /* ModelData.swift */; };
		E72DFD4A2B453E08007E1CEE /* Landmark.swift in Sources */ = {isa = PBXBuildFile; fileRef = E72DFD482B453E08007E1CEE /* Landmark.swift */; };
		E72DFD572B453F08007E1CEE /* CircleImage.swift in Sources */ = {isa = PBXBuildFile; fileRef = E72DFD562B453F08007E1CEE /* CircleImage.swift */; };
		E72DFD592B453F52007E1CEE /* LandmarkDetail.swift in Sources */ = {isa = PBXBuildFile; fileRef = E72DFD582B453F52007E1CEE /* LandmarkDetail.swift */; };
		E72DFD5B2B453FEF007E1CEE /* LandmarkList.swift in Sources */ = {isa = PBXBuildFile; fileRef = E72DFD5A2B453FEF007E1CEE /* LandmarkList.swift */; };
		E72DFD5D2B45403B007E1CEE /* MapView.swift in Sources */ = {isa = PBXBuildFile; fileRef = E72DFD5C2B45403B007E1CEE /* MapView.swift */; };
		E72DFD5F2B454084007E1CEE /* LandmarkRow.swift in Sources */ = {isa = PBXBuildFile; fileRef = E72DFD5E2B454084007E1CEE /* LandmarkRow.swift */; };
		E72DFD612B47D8CF007E1CEE /* FavoriteButton.swift in Sources */ = {isa = PBXBuildFile; fileRef = E72DFD602B47D8CF007E1CEE /* FavoriteButton.swift */; };
		E72DFD652B4BBA71007E1CEE /* HexagonParameters.swift in Sources */ = {isa = PBXBuildFile; fileRef = E72DFD642B4BBA71007E1CEE /* HexagonParameters.swift */; };
		E7368E4E2B4BC085003AE272 /* BadgeBackground.swift in Sources */ = {isa = PBXBuildFile; fileRef = E7368E4D2B4BC085003AE272 /* BadgeBackground.swift */; };
/* End PBXBuildFile section */

/* Begin PBXFileReference section */
		E72DFD182B453DB6007E1CEE /* Landmarks02.app */ = {isa = PBXFileReference; explicitFileType = wrapper.application; includeInIndex = 0; path = Landmarks02.app; sourceTree = BUILT_PRODUCTS_DIR; };
		E72DFD1B2B453DB6007E1CEE /* Landmarks02App.swift */ = {isa = PBXFileReference; lastKnownFileType = sourcecode.swift; path = Landmarks02App.swift; sourceTree = "<group>"; };
		E72DFD1D2B453DB6007E1CEE /* ContentView.swift */ = {isa = PBXFileReference; lastKnownFileType = sourcecode.swift; path = ContentView.swift; sourceTree = "<group>"; };
		E72DFD1F2B453DB7007E1CEE /* Assets.xcassets */ = {isa = PBXFileReference; lastKnownFileType = folder.assetcatalog; path = Assets.xcassets; sourceTree = "<group>"; };
		E72DFD222B453DB7007E1CEE /* Preview Assets.xcassets */ = {isa = PBXFileReference; lastKnownFileType = folder.assetcatalog; path = "Preview Assets.xcassets"; sourceTree = "<group>"; };
		E72DFD2B2B453DF2007E1CEE /* LICENSE.txt */ = {isa = PBXFileReference; fileEncoding = 4; lastKnownFileType = text; path = LICENSE.txt; sourceTree = "<group>"; };
		E72DFD2D2B453DF2007E1CEE /* umbagog@2x.jpg */ = {isa = PBXFileReference; lastKnownFileType = image.jpeg; path = "umbagog@2x.jpg"; sourceTree = "<group>"; };
		E72DFD2E2B453DF2007E1CEE /* twinlake@2x.jpg */ = {isa = PBXFileReference; lastKnownFileType = image.jpeg; path = "twinlake@2x.jpg"; sourceTree = "<group>"; };
		E72DFD2F2B453DF2007E1CEE /* chincoteague@2x.jpg */ = {isa = PBXFileReference; lastKnownFileType = image.jpeg; path = "chincoteague@2x.jpg"; sourceTree = "<group>"; };
		E72DFD302B453DF2007E1CEE /* lakemcdonald@2x.jpg */ = {isa = PBXFileReference; lastKnownFileType = image.jpeg; path = "lakemcdonald@2x.jpg"; sourceTree = "<group>"; };
		E72DFD312B453DF2007E1CEE /* silversalmoncreek@2x.jpg */ = {isa = PBXFileReference; lastKnownFileType = image.jpeg; path = "silversalmoncreek@2x.jpg"; sourceTree = "<group>"; };
		E72DFD322B453DF2007E1CEE /* icybay@2x.jpg */ = {isa = PBXFileReference; lastKnownFileType = image.jpeg; path = "icybay@2x.jpg"; sourceTree = "<group>"; };
		E72DFD332B453DF2007E1CEE /* hiddenlake@2x.jpg */ = {isa = PBXFileReference; lastKnownFileType = image.jpeg; path = "hiddenlake@2x.jpg"; sourceTree = "<group>"; };
		E72DFD342B453DF2007E1CEE /* chilkoottrail@2x.jpg */ = {isa = PBXFileReference; lastKnownFileType = image.jpeg; path = "chilkoottrail@2x.jpg"; sourceTree = "<group>"; };
		E72DFD352B453DF2007E1CEE /* stmarylake@2x.jpg */ = {isa = PBXFileReference; lastKnownFileType = image.jpeg; path = "stmarylake@2x.jpg"; sourceTree = "<group>"; };
		E72DFD362B453DF2007E1CEE /* charleyrivers@2x.jpg */ = {isa = PBXFileReference; lastKnownFileType = image.jpeg; path = "charleyrivers@2x.jpg"; sourceTree = "<group>"; };
		E72DFD372B453DF2007E1CEE /* rainbowlake@2x.jpg */ = {isa = PBXFileReference; lastKnownFileType = image.jpeg; path = "rainbowlake@2x.jpg"; sourceTree = "<group>"; };
		E72DFD382B453DF2007E1CEE /* landmarkData.json */ = {isa = PBXFileReference; fileEncoding = 4; lastKnownFileType = text.json; path = landmarkData.json; sourceTree = "<group>"; };
		E72DFD472B453E08007E1CEE /* ModelData.swift */ = {isa = PBXFileReference; fileEncoding = 4; lastKnownFileType = sourcecode.swift; path = ModelData.swift; sourceTree = "<group>"; };
		E72DFD482B453E08007E1CEE /* Landmark.swift */ = {isa = PBXFileReference; fileEncoding = 4; lastKnownFileType = sourcecode.swift; path = Landmark.swift; sourceTree = "<group>"; };
		E72DFD562B453F08007E1CEE /* CircleImage.swift */ = {isa = PBXFileReference; lastKnownFileType = sourcecode.swift; path = CircleImage.swift; sourceTree = "<group>"; };
		E72DFD582B453F52007E1CEE /* LandmarkDetail.swift */ = {isa = PBXFileReference; lastKnownFileType = sourcecode.swift; path = LandmarkDetail.swift; sourceTree = "<group>"; };
		E72DFD5A2B453FEF007E1CEE /* LandmarkList.swift */ = {isa = PBXFileReference; lastKnownFileType = sourcecode.swift; path = LandmarkList.swift; sourceTree = "<group>"; };
		E72DFD5C2B45403B007E1CEE /* MapView.swift */ = {isa = PBXFileReference; lastKnownFileType = sourcecode.swift; path = MapView.swift; sourceTree = "<group>"; };
		E72DFD5E2B454084007E1CEE /* LandmarkRow.swift */ = {isa = PBXFileReference; lastKnownFileType = sourcecode.swift; path = LandmarkRow.swift; sourceTree = "<group>"; };
		E72DFD602B47D8CF007E1CEE /* FavoriteButton.swift */ = {isa = PBXFileReference; lastKnownFileType = sourcecode.swift; path = FavoriteButton.swift; sourceTree = "<group>"; };
		E72DFD642B4BBA71007E1CEE /* HexagonParameters.swift */ = {isa = PBXFileReference; lastKnownFileType = sourcecode.swift; path = HexagonParameters.swift; sourceTree = "<group>"; };
		E7368E4D2B4BC085003AE272 /* BadgeBackground.swift */ = {isa = PBXFileReference; lastKnownFileType = sourcecode.swift; path = BadgeBackground.swift; sourceTree = "<group>"; };
/* End PBXFileReference section */

/* Begin PBXFrameworksBuildPhase section */
		E72DFD152B453DB6007E1CEE /* Frameworks */ = {
			isa = PBXFrameworksBuildPhase;
			buildActionMask = 2147483647;
			files = (
			);
			runOnlyForDeploymentPostprocessing = 0;
		};
/* End PBXFrameworksBuildPhase section */

/* Begin PBXGroup section */
		E72DFD0F2B453DB6007E1CEE = {
			isa = PBXGroup;
			children = (
				E72DFD1A2B453DB6007E1CEE /* Landmarks02 */,
				E72DFD192B453DB6007E1CEE /* Products */,
			);
			sourceTree = "<group>";
		};
		E72DFD192B453DB6007E1CEE /* Products */ = {
			isa = PBXGroup;
			children = (
				E72DFD182B453DB6007E1CEE /* Landmarks02.app */,
			);
			name = Products;
			sourceTree = "<group>";
		};
		E72DFD1A2B453DB6007E1CEE /* Landmarks02 */ = {
			isa = PBXGroup;
			children = (
				E72DFD1B2B453DB6007E1CEE /* Landmarks02App.swift */,
				E72DFD4B2B453E19007E1CEE /* Views */,
				E72DFD462B453E08007E1CEE /* Model */,
				E72DFD292B453DF2007E1CEE /* Resources */,
				E72DFD1F2B453DB7007E1CEE /* Assets.xcassets */,
				E72DFD212B453DB7007E1CEE /* Preview Content */,
			);
			path = Landmarks02;
			sourceTree = "<group>";
		};
		E72DFD212B453DB7007E1CEE /* Preview Content */ = {
			isa = PBXGroup;
			children = (
				E72DFD222B453DB7007E1CEE /* Preview Assets.xcassets */,
			);
			path = "Preview Content";
			sourceTree = "<group>";
		};
		E72DFD292B453DF2007E1CEE /* Resources */ = {
			isa = PBXGroup;
			children = (
				E72DFD2A2B453DF2007E1CEE /* LICENSE */,
				E72DFD2C2B453DF2007E1CEE /* Images */,
				E72DFD382B453DF2007E1CEE /* landmarkData.json */,
			);
			name = Resources;
			path = ../../Landmarks/Resources;
			sourceTree = "<group>";
		};
		E72DFD2A2B453DF2007E1CEE /* LICENSE */ = {
			isa = PBXGroup;
			children = (
				E72DFD2B2B453DF2007E1CEE /* LICENSE.txt */,
			);
			path = LICENSE;
			sourceTree = "<group>";
		};
		E72DFD2C2B453DF2007E1CEE /* Images */ = {
			isa = PBXGroup;
			children = (
				E72DFD2D2B453DF2007E1CEE /* umbagog@2x.jpg */,
				E72DFD2E2B453DF2007E1CEE /* twinlake@2x.jpg */,
				E72DFD2F2B453DF2007E1CEE /* chincoteague@2x.jpg */,
				E72DFD302B453DF2007E1CEE /* lakemcdonald@2x.jpg */,
				E72DFD312B453DF2007E1CEE /* silversalmoncreek@2x.jpg */,
				E72DFD322B453DF2007E1CEE /* icybay@2x.jpg */,
				E72DFD332B453DF2007E1CEE /* hiddenlake@2x.jpg */,
				E72DFD342B453DF2007E1CEE /* chilkoottrail@2x.jpg */,
				E72DFD352B453DF2007E1CEE /* stmarylake@2x.jpg */,
				E72DFD362B453DF2007E1CEE /* charleyrivers@2x.jpg */,
				E72DFD372B453DF2007E1CEE /* rainbowlake@2x.jpg */,
			);
			path = Images;
			sourceTree = "<group>";
		};
		E72DFD462B453E08007E1CEE /* Model */ = {
			isa = PBXGroup;
			children = (
				E72DFD472B453E08007E1CEE /* ModelData.swift */,
				E72DFD482B453E08007E1CEE /* Landmark.swift */,
			);
			name = Model;
			path = ../../Landmarks/Model;
			sourceTree = "<group>";
		};
		E72DFD4B2B453E19007E1CEE /* Views */ = {
			isa = PBXGroup;
			children = (
				E72DFD1D2B453DB6007E1CEE /* ContentView.swift */,
				E72DFD622B47DC76007E1CEE /* Landmarks */,
				E72DFD632B47DC9C007E1CEE /* Helper */,
				E72DFD642B4BBA71007E1CEE /* HexagonParameters.swift */,
				E7368E4D2B4BC085003AE272 /* BadgeBackground.swift */,
			);
			path = Views;
			sourceTree = "<group>";
		};
		E72DFD622B47DC76007E1CEE /* Landmarks */ = {
			isa = PBXGroup;
			children = (
				E72DFD5A2B453FEF007E1CEE /* LandmarkList.swift */,
				E72DFD5E2B454084007E1CEE /* LandmarkRow.swift */,
				E72DFD582B453F52007E1CEE /* LandmarkDetail.swift */,
			);
			path = Landmarks;
			sourceTree = "<group>";
		};
		E72DFD632B47DC9C007E1CEE /* Helper */ = {
			isa = PBXGroup;
			children = (
				E72DFD562B453F08007E1CEE /* CircleImage.swift */,
				E72DFD5C2B45403B007E1CEE /* MapView.swift */,
				E72DFD602B47D8CF007E1CEE /* FavoriteButton.swift */,
			);
			path = Helper;
			sourceTree = "<group>";
		};
/* End PBXGroup section */

/* Begin PBXNativeTarget section */
		E72DFD172B453DB6007E1CEE /* Landmarks02 */ = {
			isa = PBXNativeTarget;
			buildConfigurationList = E72DFD262B453DB7007E1CEE /* Build configuration list for PBXNativeTarget "Landmarks02" */;
			buildPhases = (
				E72DFD142B453DB6007E1CEE /* Sources */,
				E72DFD152B453DB6007E1CEE /* Frameworks */,
				E72DFD162B453DB6007E1CEE /* Resources */,
			);
			buildRules = (
			);
			dependencies = (
			);
			name = Landmarks02;
			productName = Landmarks02;
			productReference = E72DFD182B453DB6007E1CEE /* Landmarks02.app */;
			productType = "com.apple.product-type.application";
		};
/* End PBXNativeTarget section */

/* Begin PBXProject section */
		E72DFD102B453DB6007E1CEE /* Project object */ = {
			isa = PBXProject;
			attributes = {
				BuildIndependentTargetsInParallel = 1;
				LastSwiftUpdateCheck = 1500;
				LastUpgradeCheck = 1500;
				TargetAttributes = {
					E72DFD172B453DB6007E1CEE = {
						CreatedOnToolsVersion = 15.0.1;
					};
				};
			};
			buildConfigurationList = E72DFD132B453DB6007E1CEE /* Build configuration list for PBXProject "Landmarks02" */;
			compatibilityVersion = "Xcode 14.0";
			developmentRegion = en;
			hasScannedForEncodings = 0;
			knownRegions = (
				en,
				Base,
			);
			mainGroup = E72DFD0F2B453DB6007E1CEE;
			productRefGroup = E72DFD192B453DB6007E1CEE /* Products */;
			projectDirPath = "";
			projectRoot = "";
			targets = (
				E72DFD172B453DB6007E1CEE /* Landmarks02 */,
			);
		};
/* End PBXProject section */

/* Begin PBXResourcesBuildPhase section */
		E72DFD162B453DB6007E1CEE /* Resources */ = {
			isa = PBXResourcesBuildPhase;
			buildActionMask = 2147483647;
			files = (
				E72DFD432B453DF2007E1CEE /* charleyrivers@2x.jpg in Resources */,
				E72DFD392B453DF2007E1CEE /* LICENSE.txt in Resources */,
				E72DFD402B453DF2007E1CEE /* hiddenlake@2x.jpg in Resources */,
				E72DFD3A2B453DF2007E1CEE /* umbagog@2x.jpg in Resources */,
				E72DFD442B453DF2007E1CEE /* rainbowlake@2x.jpg in Resources */,
				E72DFD3F2B453DF2007E1CEE /* icybay@2x.jpg in Resources */,
				E72DFD3E2B453DF2007E1CEE /* silversalmoncreek@2x.jpg in Resources */,
				E72DFD232B453DB7007E1CEE /* Preview Assets.xcassets in Resources */,
				E72DFD452B453DF2007E1CEE /* landmarkData.json in Resources */,
				E72DFD3B2B453DF2007E1CEE /* twinlake@2x.jpg in Resources */,
				E72DFD422B453DF2007E1CEE /* stmarylake@2x.jpg in Resources */,
				E72DFD3D2B453DF2007E1CEE /* lakemcdonald@2x.jpg in Resources */,
				E72DFD412B453DF2007E1CEE /* chilkoottrail@2x.jpg in Resources */,
				E72DFD202B453DB7007E1CEE /* Assets.xcassets in Resources */,
				E72DFD3C2B453DF2007E1CEE /* chincoteague@2x.jpg in Resources */,
			);
			runOnlyForDeploymentPostprocessing = 0;
		};
/* End PBXResourcesBuildPhase section */

/* Begin PBXSourcesBuildPhase section */
		E72DFD142B453DB6007E1CEE /* Sources */ = {
			isa = PBXSourcesBuildPhase;
			buildActionMask = 2147483647;
			files = (
				E72DFD1E2B453DB6007E1CEE /* ContentView.swift in Sources */,
				E72DFD1C2B453DB6007E1CEE /* Landmarks02App.swift in Sources */,
				E72DFD5B2B453FEF007E1CEE /* LandmarkList.swift in Sources */,
				E72DFD612B47D8CF007E1CEE /* FavoriteButton.swift in Sources */,
				E72DFD652B4BBA71007E1CEE /* HexagonParameters.swift in Sources */,
				E72DFD592B453F52007E1CEE /* LandmarkDetail.swift in Sources */,
				E72DFD572B453F08007E1CEE /* CircleImage.swift in Sources */,
				E7368E4E2B4BC085003AE272 /* BadgeBackground.swift in Sources */,
				E72DFD492B453E08007E1CEE /* ModelData.swift in Sources */,
				E72DFD5D2B45403B007E1CEE /* MapView.swift in Sources */,
				E72DFD4A2B453E08007E1CEE /* Landmark.swift in Sources */,
				E72DFD5F2B454084007E1CEE /* LandmarkRow.swift in Sources */,
			);
			runOnlyForDeploymentPostprocessing = 0;
		};
/* End PBXSourcesBuildPhase section */

/* Begin XCBuildConfiguration section */
		E72DFD242B453DB7007E1CEE /* Debug */ = {
			isa = XCBuildConfiguration;
			buildSettings = {
				ALWAYS_SEARCH_USER_PATHS = NO;
				ASSETCATALOG_COMPILER_GENERATE_SWIFT_ASSET_SYMBOL_EXTENSIONS = YES;
				CLANG_ANALYZER_NONNULL = YES;
				CLANG_ANALYZER_NUMBER_OBJECT_CONVERSION = YES_AGGRESSIVE;
				CLANG_CXX_LANGUAGE_STANDARD = "gnu++20";
				CLANG_ENABLE_MODULES = YES;
				CLANG_ENABLE_OBJC_ARC = YES;
				CLANG_ENABLE_OBJC_WEAK = YES;
				CLANG_WARN_BLOCK_CAPTURE_AUTORELEASING = YES;
				CLANG_WARN_BOOL_CONVERSION = YES;
				CLANG_WARN_COMMA = YES;
				CLANG_WARN_CONSTANT_CONVERSION = YES;
				CLANG_WARN_DEPRECATED_OBJC_IMPLEMENTATIONS = YES;
				CLANG_WARN_DIRECT_OBJC_ISA_USAGE = YES_ERROR;
				CLANG_WARN_DOCUMENTATION_COMMENTS = YES;
				CLANG_WARN_EMPTY_BODY = YES;
				CLANG_WARN_ENUM_CONVERSION = YES;
				CLANG_WARN_INFINITE_RECURSION = YES;
				CLANG_WARN_INT_CONVERSION = YES;
				CLANG_WARN_NON_LITERAL_NULL_CONVERSION = YES;
				CLANG_WARN_OBJC_IMPLICIT_RETAIN_SELF = YES;
				CLANG_WARN_OBJC_LITERAL_CONVERSION = YES;
				CLANG_WARN_OBJC_ROOT_CLASS = YES_ERROR;
				CLANG_WARN_QUOTED_INCLUDE_IN_FRAMEWORK_HEADER = YES;
				CLANG_WARN_RANGE_LOOP_ANALYSIS = YES;
				CLANG_WARN_STRICT_PROTOTYPES = YES;
				CLANG_WARN_SUSPICIOUS_MOVE = YES;
				CLANG_WARN_UNGUARDED_AVAILABILITY = YES_AGGRESSIVE;
				CLANG_WARN_UNREACHABLE_CODE = YES;
				CLANG_WARN__DUPLICATE_METHOD_MATCH = YES;
				COPY_PHASE_STRIP = NO;
				DEBUG_INFORMATION_FORMAT = dwarf;
				ENABLE_STRICT_OBJC_MSGSEND = YES;
				ENABLE_TESTABILITY = YES;
				ENABLE_USER_SCRIPT_SANDBOXING = YES;
				GCC_C_LANGUAGE_STANDARD = gnu17;
				GCC_DYNAMIC_NO_PIC = NO;
				GCC_NO_COMMON_BLOCKS = YES;
				GCC_OPTIMIZATION_LEVEL = 0;
				GCC_PREPROCESSOR_DEFINITIONS = (
					"DEBUG=1",
					"$(inherited)",
				);
				GCC_WARN_64_TO_32_BIT_CONVERSION = YES;
				GCC_WARN_ABOUT_RETURN_TYPE = YES_ERROR;
				GCC_WARN_UNDECLARED_SELECTOR = YES;
				GCC_WARN_UNINITIALIZED_AUTOS = YES_AGGRESSIVE;
				GCC_WARN_UNUSED_FUNCTION = YES;
				GCC_WARN_UNUSED_VARIABLE = YES;
				IPHONEOS_DEPLOYMENT_TARGET = 17.0;
				LOCALIZATION_PREFERS_STRING_CATALOGS = YES;
				MTL_ENABLE_DEBUG_INFO = INCLUDE_SOURCE;
				MTL_FAST_MATH = YES;
				ONLY_ACTIVE_ARCH = YES;
				SDKROOT = iphoneos;
				SWIFT_ACTIVE_COMPILATION_CONDITIONS = "DEBUG $(inherited)";
				SWIFT_OPTIMIZATION_LEVEL = "-Onone";
			};
			name = Debug;
		};
		E72DFD252B453DB7007E1CEE /* Release */ = {
			isa = XCBuildConfiguration;
			buildSettings = {
				ALWAYS_SEARCH_USER_PATHS = NO;
				ASSETCATALOG_COMPILER_GENERATE_SWIFT_ASSET_SYMBOL_EXTENSIONS = YES;
				CLANG_ANALYZER_NONNULL = YES;
				CLANG_ANALYZER_NUMBER_OBJECT_CONVERSION = YES_AGGRESSIVE;
				CLANG_CXX_LANGUAGE_STANDARD = "gnu++20";
				CLANG_ENABLE_MODULES = YES;
				CLANG_ENABLE_OBJC_ARC = YES;
				CLANG_ENABLE_OBJC_WEAK = YES;
				CLANG_WARN_BLOCK_CAPTURE_AUTORELEASING = YES;
				CLANG_WARN_BOOL_CONVERSION = YES;
				CLANG_WARN_COMMA = YES;
				CLANG_WARN_CONSTANT_CONVERSION = YES;
				CLANG_WARN_DEPRECATED_OBJC_IMPLEMENTATIONS = YES;
				CLANG_WARN_DIRECT_OBJC_ISA_USAGE = YES_ERROR;
				CLANG_WARN_DOCUMENTATION_COMMENTS = YES;
				CLANG_WARN_EMPTY_BODY = YES;
				CLANG_WARN_ENUM_CONVERSION = YES;
				CLANG_WARN_INFINITE_RECURSION = YES;
				CLANG_WARN_INT_CONVERSION = YES;
				CLANG_WARN_NON_LITERAL_NULL_CONVERSION = YES;
				CLANG_WARN_OBJC_IMPLICIT_RETAIN_SELF = YES;
				CLANG_WARN_OBJC_LITERAL_CONVERSION = YES;
				CLANG_WARN_OBJC_ROOT_CLASS = YES_ERROR;
				CLANG_WARN_QUOTED_INCLUDE_IN_FRAMEWORK_HEADER = YES;
				CLANG_WARN_RANGE_LOOP_ANALYSIS = YES;
				CLANG_WARN_STRICT_PROTOTYPES = YES;
				CLANG_WARN_SUSPICIOUS_MOVE = YES;
				CLANG_WARN_UNGUARDED_AVAILABILITY = YES_AGGRESSIVE;
				CLANG_WARN_UNREACHABLE_CODE = YES;
				CLANG_WARN__DUPLICATE_METHOD_MATCH = YES;
				COPY_PHASE_STRIP = NO;
				DEBUG_INFORMATION_FORMAT = "dwarf-with-dsym";
				ENABLE_NS_ASSERTIONS = NO;
				ENABLE_STRICT_OBJC_MSGSEND = YES;
				ENABLE_USER_SCRIPT_SANDBOXING = YES;
				GCC_C_LANGUAGE_STANDARD = gnu17;
				GCC_NO_COMMON_BLOCKS = YES;
				GCC_WARN_64_TO_32_BIT_CONVERSION = YES;
				GCC_WARN_ABOUT_RETURN_TYPE = YES_ERROR;
				GCC_WARN_UNDECLARED_SELECTOR = YES;
				GCC_WARN_UNINITIALIZED_AUTOS = YES_AGGRESSIVE;
				GCC_WARN_UNUSED_FUNCTION = YES;
				GCC_WARN_UNUSED_VARIABLE = YES;
				IPHONEOS_DEPLOYMENT_TARGET = 17.0;
				LOCALIZATION_PREFERS_STRING_CATALOGS = YES;
				MTL_ENABLE_DEBUG_INFO = NO;
				MTL_FAST_MATH = YES;
				SDKROOT = iphoneos;
				SWIFT_COMPILATION_MODE = wholemodule;
				VALIDATE_PRODUCT = YES;
			};
			name = Release;
		};
		E72DFD272B453DB7007E1CEE /* Debug */ = {
			isa = XCBuildConfiguration;
			buildSettings = {
				ASSETCATALOG_COMPILER_APPICON_NAME = AppIcon;
				ASSETCATALOG_COMPILER_GLOBAL_ACCENT_COLOR_NAME = AccentColor;
				CODE_SIGN_STYLE = Automatic;
				CURRENT_PROJECT_VERSION = 1;
				DEVELOPMENT_ASSET_PATHS = "\"Landmarks02/Preview Content\"";
				DEVELOPMENT_TEAM = 5R34C4W9P8;
				ENABLE_PREVIEWS = YES;
				GENERATE_INFOPLIST_FILE = YES;
				INFOPLIST_KEY_UIApplicationSceneManifest_Generation = YES;
				INFOPLIST_KEY_UIApplicationSupportsIndirectInputEvents = YES;
				INFOPLIST_KEY_UILaunchScreen_Generation = YES;
				INFOPLIST_KEY_UISupportedInterfaceOrientations_iPad = "UIInterfaceOrientationPortrait UIInterfaceOrientationPortraitUpsideDown UIInterfaceOrientationLandscapeLeft UIInterfaceOrientationLandscapeRight";
				INFOPLIST_KEY_UISupportedInterfaceOrientations_iPhone = "UIInterfaceOrientationPortrait UIInterfaceOrientationLandscapeLeft UIInterfaceOrientationLandscapeRight";
				LD_RUNPATH_SEARCH_PATHS = (
					"$(inherited)",
					"@executable_path/Frameworks",
				);
				MARKETING_VERSION = 1.0;
				PRODUCT_BUNDLE_IDENTIFIER = com.yooonji08.Landmarks02;
				PRODUCT_NAME = "$(TARGET_NAME)";
				SWIFT_EMIT_LOC_STRINGS = YES;
				SWIFT_VERSION = 5.0;
				TARGETED_DEVICE_FAMILY = "1,2";
			};
			name = Debug;
		};
		E72DFD282B453DB7007E1CEE /* Release */ = {
			isa = XCBuildConfiguration;
			buildSettings = {
				ASSETCATALOG_COMPILER_APPICON_NAME = AppIcon;
				ASSETCATALOG_COMPILER_GLOBAL_ACCENT_COLOR_NAME = AccentColor;
				CODE_SIGN_STYLE = Automatic;
				CURRENT_PROJECT_VERSION = 1;
				DEVELOPMENT_ASSET_PATHS = "\"Landmarks02/Preview Content\"";
				DEVELOPMENT_TEAM = 5R34C4W9P8;
				ENABLE_PREVIEWS = YES;
				GENERATE_INFOPLIST_FILE = YES;
				INFOPLIST_KEY_UIApplicationSceneManifest_Generation = YES;
				INFOPLIST_KEY_UIApplicationSupportsIndirectInputEvents = YES;
				INFOPLIST_KEY_UILaunchScreen_Generation = YES;
				INFOPLIST_KEY_UISupportedInterfaceOrientations_iPad = "UIInterfaceOrientationPortrait UIInterfaceOrientationPortraitUpsideDown UIInterfaceOrientationLandscapeLeft UIInterfaceOrientationLandscapeRight";
				INFOPLIST_KEY_UISupportedInterfaceOrientations_iPhone = "UIInterfaceOrientationPortrait UIInterfaceOrientationLandscapeLeft UIInterfaceOrientationLandscapeRight";
				LD_RUNPATH_SEARCH_PATHS = (
					"$(inherited)",
					"@executable_path/Frameworks",
				);
				MARKETING_VERSION = 1.0;
				PRODUCT_BUNDLE_IDENTIFIER = com.yooonji08.Landmarks02;
				PRODUCT_NAME = "$(TARGET_NAME)";
				SWIFT_EMIT_LOC_STRINGS = YES;
				SWIFT_VERSION = 5.0;
				TARGETED_DEVICE_FAMILY = "1,2";
			};
			name = Release;
		};
/* End XCBuildConfiguration section */

/* Begin XCConfigurationList section */
		E72DFD132B453DB6007E1CEE /* Build configuration list for PBXProject "Landmarks02" */ = {
			isa = XCConfigurationList;
			buildConfigurations = (
				E72DFD242B453DB7007E1CEE /* Debug */,
				E72DFD252B453DB7007E1CEE /* Release */,
			);
			defaultConfigurationIsVisible = 0;
			defaultConfigurationName = Release;
		};
		E72DFD262B453DB7007E1CEE /* Build configuration list for PBXNativeTarget "Landmarks02" */ = {
			isa = XCConfigurationList;
			buildConfigurations = (
				E72DFD272B453DB7007E1CEE /* Debug */,
				E72DFD282B453DB7007E1CEE /* Release */,
			);
			defaultConfigurationIsVisible = 0;
			defaultConfigurationName = Release;
		};
/* End XCConfigurationList section */
	};
	rootObject = E72DFD102B453DB6007E1CEE /* Project object */;
}
