// !$*UTF8*$!
{
	archiveVersion = 1;
	classes = {
	};
	objectVersion = 56;
	objects = {

/* Begin PBXBuildFile section */
		E721F86A2B58F3FD00ADF3BA /* MyAppApp.swift in Sources */ = {isa = PBXBuildFile; fileRef = E721F8692B58F3FD00ADF3BA /* MyAppApp.swift */; };
		E721F86C2B58F3FD00ADF3BA /* ContentView.swift in Sources */ = {isa = PBXBuildFile; fileRef = E721F86B2B58F3FD00ADF3BA /* ContentView.swift */; };
		E721F86E2B58F3FE00ADF3BA /* Assets.xcassets in Resources */ = {isa = PBXBuildFile; fileRef = E721F86D2B58F3FE00ADF3BA /* Assets.xcassets */; };
		E721F8712B58F3FE00ADF3BA /* Preview Assets.xcassets in Resources */ = {isa = PBXBuildFile; fileRef = E721F8702B58F3FE00ADF3BA /* Preview Assets.xcassets */; };
		E721F8782B59042B00ADF3BA /* SettingsView.swift in Sources */ = {isa = PBXBuildFile; fileRef = E721F8772B59042B00ADF3BA /* SettingsView.swift */; };
		E721F87B2B59058200ADF3BA /* Journal.swift in Sources */ = {isa = PBXBuildFile; fileRef = E721F87A2B59058200ADF3BA /* Journal.swift */; };
		E721F87D2B5905BF00ADF3BA /* JournalEntry.swift in Sources */ = {isa = PBXBuildFile; fileRef = E721F87C2B5905BF00ADF3BA /* JournalEntry.swift */; };
		E721F8802B5907E300ADF3BA /* JournalEntryListItem.swift in Sources */ = {isa = PBXBuildFile; fileRef = E721F87F2B5907E300ADF3BA /* JournalEntryListItem.swift */; };
		E721F8822B59083C00ADF3BA /* DateView.swift in Sources */ = {isa = PBXBuildFile; fileRef = E721F8812B59083C00ADF3BA /* DateView.swift */; };
		E721F8842B59096600ADF3BA /* JournalEntryView.swift in Sources */ = {isa = PBXBuildFile; fileRef = E721F8832B59096600ADF3BA /* JournalEntryView.swift */; };
		E721F8862B590C9000ADF3BA /* SettingsDetailsView.swift in Sources */ = {isa = PBXBuildFile; fileRef = E721F8852B590C9000ADF3BA /* SettingsDetailsView.swift */; };
		E721F8892B59103800ADF3BA /* MyScene.swift in Sources */ = {isa = PBXBuildFile; fileRef = E721F8882B59103800ADF3BA /* MyScene.swift */; };
		E721F88B2B5912E900ADF3BA /* MyAlternativeScene.swift in Sources */ = {isa = PBXBuildFile; fileRef = E721F88A2B5912E900ADF3BA /* MyAlternativeScene.swift */; };
		E721F88D2B59133700ADF3BA /* AlternativeContentView.swift in Sources */ = {isa = PBXBuildFile; fileRef = E721F88C2B59133700ADF3BA /* AlternativeContentView.swift */; };
		E721F88F2B5913F600ADF3BA /* DetailView.swift in Sources */ = {isa = PBXBuildFile; fileRef = E721F88E2B5913F600ADF3BA /* DetailView.swift */; };
/* End PBXBuildFile section */

/* Begin PBXFileReference section */
		E721F8662B58F3FD00ADF3BA /* MyApp.app */ = {isa = PBXFileReference; explicitFileType = wrapper.application; includeInIndex = 0; path = MyApp.app; sourceTree = BUILT_PRODUCTS_DIR; };
		E721F8692B58F3FD00ADF3BA /* MyAppApp.swift */ = {isa = PBXFileReference; lastKnownFileType = sourcecode.swift; path = MyAppApp.swift; sourceTree = "<group>"; };
		E721F86B2B58F3FD00ADF3BA /* ContentView.swift */ = {isa = PBXFileReference; lastKnownFileType = sourcecode.swift; path = ContentView.swift; sourceTree = "<group>"; };
		E721F86D2B58F3FE00ADF3BA /* Assets.xcassets */ = {isa = PBXFileReference; lastKnownFileType = folder.assetcatalog; path = Assets.xcassets; sourceTree = "<group>"; };
		E721F8702B58F3FE00ADF3BA /* Preview Assets.xcassets */ = {isa = PBXFileReference; lastKnownFileType = folder.assetcatalog; path = "Preview Assets.xcassets"; sourceTree = "<group>"; };
		E721F8772B59042B00ADF3BA /* SettingsView.swift */ = {isa = PBXFileReference; lastKnownFileType = sourcecode.swift; path = SettingsView.swift; sourceTree = "<group>"; };
		E721F87A2B59058200ADF3BA /* Journal.swift */ = {isa = PBXFileReference; lastKnownFileType = sourcecode.swift; path = Journal.swift; sourceTree = "<group>"; };
		E721F87C2B5905BF00ADF3BA /* JournalEntry.swift */ = {isa = PBXFileReference; lastKnownFileType = sourcecode.swift; path = JournalEntry.swift; sourceTree = "<group>"; };
		E721F87F2B5907E300ADF3BA /* JournalEntryListItem.swift */ = {isa = PBXFileReference; lastKnownFileType = sourcecode.swift; path = JournalEntryListItem.swift; sourceTree = "<group>"; };
		E721F8812B59083C00ADF3BA /* DateView.swift */ = {isa = PBXFileReference; lastKnownFileType = sourcecode.swift; path = DateView.swift; sourceTree = "<group>"; };
		E721F8832B59096600ADF3BA /* JournalEntryView.swift */ = {isa = PBXFileReference; lastKnownFileType = sourcecode.swift; path = JournalEntryView.swift; sourceTree = "<group>"; };
		E721F8852B590C9000ADF3BA /* SettingsDetailsView.swift */ = {isa = PBXFileReference; lastKnownFileType = sourcecode.swift; path = SettingsDetailsView.swift; sourceTree = "<group>"; };
		E721F8882B59103800ADF3BA /* MyScene.swift */ = {isa = PBXFileReference; lastKnownFileType = sourcecode.swift; path = MyScene.swift; sourceTree = "<group>"; };
		E721F88A2B5912E900ADF3BA /* MyAlternativeScene.swift */ = {isa = PBXFileReference; lastKnownFileType = sourcecode.swift; path = MyAlternativeScene.swift; sourceTree = "<group>"; };
		E721F88C2B59133700ADF3BA /* AlternativeContentView.swift */ = {isa = PBXFileReference; lastKnownFileType = sourcecode.swift; path = AlternativeContentView.swift; sourceTree = "<group>"; };
		E721F88E2B5913F600ADF3BA /* DetailView.swift */ = {isa = PBXFileReference; lastKnownFileType = sourcecode.swift; path = DetailView.swift; sourceTree = "<group>"; };
/* End PBXFileReference section */

/* Begin PBXFrameworksBuildPhase section */
		E721F8632B58F3FD00ADF3BA /* Frameworks */ = {
			isa = PBXFrameworksBuildPhase;
			buildActionMask = 2147483647;
			files = (
			);
			runOnlyForDeploymentPostprocessing = 0;
		};
/* End PBXFrameworksBuildPhase section */

/* Begin PBXGroup section */
		E721F85D2B58F3FD00ADF3BA = {
			isa = PBXGroup;
			children = (
				E721F8682B58F3FD00ADF3BA /* MyApp */,
				E721F8672B58F3FD00ADF3BA /* Products */,
			);
			sourceTree = "<group>";
		};
		E721F8672B58F3FD00ADF3BA /* Products */ = {
			isa = PBXGroup;
			children = (
				E721F8662B58F3FD00ADF3BA /* MyApp.app */,
			);
			name = Products;
			sourceTree = "<group>";
		};
		E721F8682B58F3FD00ADF3BA /* MyApp */ = {
			isa = PBXGroup;
			children = (
				E721F8792B59056200ADF3BA /* Models */,
				E721F8872B59102000ADF3BA /* Scenes */,
				E721F87E2B5907B200ADF3BA /* Views */,
				E721F8692B58F3FD00ADF3BA /* MyAppApp.swift */,
				E721F86D2B58F3FE00ADF3BA /* Assets.xcassets */,
				E721F86F2B58F3FE00ADF3BA /* Preview Content */,
			);
			path = MyApp;
			sourceTree = "<group>";
		};
		E721F86F2B58F3FE00ADF3BA /* Preview Content */ = {
			isa = PBXGroup;
			children = (
				E721F8702B58F3FE00ADF3BA /* Preview Assets.xcassets */,
			);
			path = "Preview Content";
			sourceTree = "<group>";
		};
		E721F8792B59056200ADF3BA /* Models */ = {
			isa = PBXGroup;
			children = (
				E721F87A2B59058200ADF3BA /* Journal.swift */,
				E721F87C2B5905BF00ADF3BA /* JournalEntry.swift */,
			);
			path = Models;
			sourceTree = "<group>";
		};
		E721F87E2B5907B200ADF3BA /* Views */ = {
			isa = PBXGroup;
			children = (
				E721F86B2B58F3FD00ADF3BA /* ContentView.swift */,
				E721F8772B59042B00ADF3BA /* SettingsView.swift */,
				E721F87F2B5907E300ADF3BA /* JournalEntryListItem.swift */,
				E721F8812B59083C00ADF3BA /* DateView.swift */,
				E721F8832B59096600ADF3BA /* JournalEntryView.swift */,
				E721F8852B590C9000ADF3BA /* SettingsDetailsView.swift */,
				E721F88C2B59133700ADF3BA /* AlternativeContentView.swift */,
				E721F88E2B5913F600ADF3BA /* DetailView.swift */,
			);
			path = Views;
			sourceTree = "<group>";
		};
		E721F8872B59102000ADF3BA /* Scenes */ = {
			isa = PBXGroup;
			children = (
				E721F8882B59103800ADF3BA /* MyScene.swift */,
				E721F88A2B5912E900ADF3BA /* MyAlternativeScene.swift */,
			);
			path = Scenes;
			sourceTree = "<group>";
		};
/* End PBXGroup section */

/* Begin PBXNativeTarget section */
		E721F8652B58F3FD00ADF3BA /* MyApp */ = {
			isa = PBXNativeTarget;
			buildConfigurationList = E721F8742B58F3FE00ADF3BA /* Build configuration list for PBXNativeTarget "MyApp" */;
			buildPhases = (
				E721F8622B58F3FD00ADF3BA /* Sources */,
				E721F8632B58F3FD00ADF3BA /* Frameworks */,
				E721F8642B58F3FD00ADF3BA /* Resources */,
			);
			buildRules = (
			);
			dependencies = (
			);
			name = MyApp;
			productName = MyApp;
			productReference = E721F8662B58F3FD00ADF3BA /* MyApp.app */;
			productType = "com.apple.product-type.application";
		};
/* End PBXNativeTarget section */

/* Begin PBXProject section */
		E721F85E2B58F3FD00ADF3BA /* Project object */ = {
			isa = PBXProject;
			attributes = {
				BuildIndependentTargetsInParallel = 1;
				LastSwiftUpdateCheck = 1500;
				LastUpgradeCheck = 1500;
				TargetAttributes = {
					E721F8652B58F3FD00ADF3BA = {
						CreatedOnToolsVersion = 15.0.1;
					};
				};
			};
			buildConfigurationList = E721F8612B58F3FD00ADF3BA /* Build configuration list for PBXProject "MyApp" */;
			compatibilityVersion = "Xcode 14.0";
			developmentRegion = en;
			hasScannedForEncodings = 0;
			knownRegions = (
				en,
				Base,
			);
			mainGroup = E721F85D2B58F3FD00ADF3BA;
			productRefGroup = E721F8672B58F3FD00ADF3BA /* Products */;
			projectDirPath = "";
			projectRoot = "";
			targets = (
				E721F8652B58F3FD00ADF3BA /* MyApp */,
			);
		};
/* End PBXProject section */

/* Begin PBXResourcesBuildPhase section */
		E721F8642B58F3FD00ADF3BA /* Resources */ = {
			isa = PBXResourcesBuildPhase;
			buildActionMask = 2147483647;
			files = (
				E721F8712B58F3FE00ADF3BA /* Preview Assets.xcassets in Resources */,
				E721F86E2B58F3FE00ADF3BA /* Assets.xcassets in Resources */,
			);
			runOnlyForDeploymentPostprocessing = 0;
		};
/* End PBXResourcesBuildPhase section */

/* Begin PBXSourcesBuildPhase section */
		E721F8622B58F3FD00ADF3BA /* Sources */ = {
			isa = PBXSourcesBuildPhase;
			buildActionMask = 2147483647;
			files = (
				E721F8782B59042B00ADF3BA /* SettingsView.swift in Sources */,
				E721F8842B59096600ADF3BA /* JournalEntryView.swift in Sources */,
				E721F8892B59103800ADF3BA /* MyScene.swift in Sources */,
				E721F8802B5907E300ADF3BA /* JournalEntryListItem.swift in Sources */,
				E721F8822B59083C00ADF3BA /* DateView.swift in Sources */,
				E721F88B2B5912E900ADF3BA /* MyAlternativeScene.swift in Sources */,
				E721F86C2B58F3FD00ADF3BA /* ContentView.swift in Sources */,
				E721F88F2B5913F600ADF3BA /* DetailView.swift in Sources */,
				E721F8862B590C9000ADF3BA /* SettingsDetailsView.swift in Sources */,
				E721F88D2B59133700ADF3BA /* AlternativeContentView.swift in Sources */,
				E721F87D2B5905BF00ADF3BA /* JournalEntry.swift in Sources */,
				E721F86A2B58F3FD00ADF3BA /* MyAppApp.swift in Sources */,
				E721F87B2B59058200ADF3BA /* Journal.swift in Sources */,
			);
			runOnlyForDeploymentPostprocessing = 0;
		};
/* End PBXSourcesBuildPhase section */

/* Begin XCBuildConfiguration section */
		E721F8722B58F3FE00ADF3BA /* Debug */ = {
			isa = XCBuildConfiguration;
			buildSettings = {
				ALWAYS_SEARCH_USER_PATHS = NO;
				ASSETCATALOG_COMPILER_GENERATE_SWIFT_ASSET_SYMBOL_EXTENSIONS = YES;
				CLANG_ANALYZER_NONNULL = YES;
				CLANG_ANALYZER_NUMBER_OBJECT_CONVERSION = YES_AGGRESSIVE;
				CLANG_CXX_LANGUAGE_STANDARD = "gnu++20";
				CLANG_ENABLE_MODULES = YES;
				CLANG_ENABLE_OBJC_ARC = YES;
				CLANG_ENABLE_OBJC_WEAK = YES;
				CLANG_WARN_BLOCK_CAPTURE_AUTORELEASING = YES;
				CLANG_WARN_BOOL_CONVERSION = YES;
				CLANG_WARN_COMMA = YES;
				CLANG_WARN_CONSTANT_CONVERSION = YES;
				CLANG_WARN_DEPRECATED_OBJC_IMPLEMENTATIONS = YES;
				CLANG_WARN_DIRECT_OBJC_ISA_USAGE = YES_ERROR;
				CLANG_WARN_DOCUMENTATION_COMMENTS = YES;
				CLANG_WARN_EMPTY_BODY = YES;
				CLANG_WARN_ENUM_CONVERSION = YES;
				CLANG_WARN_INFINITE_RECURSION = YES;
				CLANG_WARN_INT_CONVERSION = YES;
				CLANG_WARN_NON_LITERAL_NULL_CONVERSION = YES;
				CLANG_WARN_OBJC_IMPLICIT_RETAIN_SELF = YES;
				CLANG_WARN_OBJC_LITERAL_CONVERSION = YES;
				CLANG_WARN_OBJC_ROOT_CLASS = YES_ERROR;
				CLANG_WARN_QUOTED_INCLUDE_IN_FRAMEWORK_HEADER = YES;
				CLANG_WARN_RANGE_LOOP_ANALYSIS = YES;
				CLANG_WARN_STRICT_PROTOTYPES = YES;
				CLANG_WARN_SUSPICIOUS_MOVE = YES;
				CLANG_WARN_UNGUARDED_AVAILABILITY = YES_AGGRESSIVE;
				CLANG_WARN_UNREACHABLE_CODE = YES;
				CLANG_WARN__DUPLICATE_METHOD_MATCH = YES;
				COPY_PHASE_STRIP = NO;
				DEBUG_INFORMATION_FORMAT = dwarf;
				ENABLE_STRICT_OBJC_MSGSEND = YES;
				ENABLE_TESTABILITY = YES;
				ENABLE_USER_SCRIPT_SANDBOXING = YES;
				GCC_C_LANGUAGE_STANDARD = gnu17;
				GCC_DYNAMIC_NO_PIC = NO;
				GCC_NO_COMMON_BLOCKS = YES;
				GCC_OPTIMIZATION_LEVEL = 0;
				GCC_PREPROCESSOR_DEFINITIONS = (
					"DEBUG=1",
					"$(inherited)",
				);
				GCC_WARN_64_TO_32_BIT_CONVERSION = YES;
				GCC_WARN_ABOUT_RETURN_TYPE = YES_ERROR;
				GCC_WARN_UNDECLARED_SELECTOR = YES;
				GCC_WARN_UNINITIALIZED_AUTOS = YES_AGGRESSIVE;
				GCC_WARN_UNUSED_FUNCTION = YES;
				GCC_WARN_UNUSED_VARIABLE = YES;
				IPHONEOS_DEPLOYMENT_TARGET = 17.0;
				LOCALIZATION_PREFERS_STRING_CATALOGS = YES;
				MTL_ENABLE_DEBUG_INFO = INCLUDE_SOURCE;
				MTL_FAST_MATH = YES;
				ONLY_ACTIVE_ARCH = YES;
				SDKROOT = iphoneos;
				SWIFT_ACTIVE_COMPILATION_CONDITIONS = "DEBUG $(inherited)";
				SWIFT_OPTIMIZATION_LEVEL = "-Onone";
			};
			name = Debug;
		};
		E721F8732B58F3FE00ADF3BA /* Release */ = {
			isa = XCBuildConfiguration;
			buildSettings = {
				ALWAYS_SEARCH_USER_PATHS = NO;
				ASSETCATALOG_COMPILER_GENERATE_SWIFT_ASSET_SYMBOL_EXTENSIONS = YES;
				CLANG_ANALYZER_NONNULL = YES;
				CLANG_ANALYZER_NUMBER_OBJECT_CONVERSION = YES_AGGRESSIVE;
				CLANG_CXX_LANGUAGE_STANDARD = "gnu++20";
				CLANG_ENABLE_MODULES = YES;
				CLANG_ENABLE_OBJC_ARC = YES;
				CLANG_ENABLE_OBJC_WEAK = YES;
				CLANG_WARN_BLOCK_CAPTURE_AUTORELEASING = YES;
				CLANG_WARN_BOOL_CONVERSION = YES;
				CLANG_WARN_COMMA = YES;
				CLANG_WARN_CONSTANT_CONVERSION = YES;
				CLANG_WARN_DEPRECATED_OBJC_IMPLEMENTATIONS = YES;
				CLANG_WARN_DIRECT_OBJC_ISA_USAGE = YES_ERROR;
				CLANG_WARN_DOCUMENTATION_COMMENTS = YES;
				CLANG_WARN_EMPTY_BODY = YES;
				CLANG_WARN_ENUM_CONVERSION = YES;
				CLANG_WARN_INFINITE_RECURSION = YES;
				CLANG_WARN_INT_CONVERSION = YES;
				CLANG_WARN_NON_LITERAL_NULL_CONVERSION = YES;
				CLANG_WARN_OBJC_IMPLICIT_RETAIN_SELF = YES;
				CLANG_WARN_OBJC_LITERAL_CONVERSION = YES;
				CLANG_WARN_OBJC_ROOT_CLASS = YES_ERROR;
				CLANG_WARN_QUOTED_INCLUDE_IN_FRAMEWORK_HEADER = YES;
				CLANG_WARN_RANGE_LOOP_ANALYSIS = YES;
				CLANG_WARN_STRICT_PROTOTYPES = YES;
				CLANG_WARN_SUSPICIOUS_MOVE = YES;
				CLANG_WARN_UNGUARDED_AVAILABILITY = YES_AGGRESSIVE;
				CLANG_WARN_UNREACHABLE_CODE = YES;
				CLANG_WARN__DUPLICATE_METHOD_MATCH = YES;
				COPY_PHASE_STRIP = NO;
				DEBUG_INFORMATION_FORMAT = "dwarf-with-dsym";
				ENABLE_NS_ASSERTIONS = NO;
				ENABLE_STRICT_OBJC_MSGSEND = YES;
				ENABLE_USER_SCRIPT_SANDBOXING = YES;
				GCC_C_LANGUAGE_STANDARD = gnu17;
				GCC_NO_COMMON_BLOCKS = YES;
				GCC_WARN_64_TO_32_BIT_CONVERSION = YES;
				GCC_WARN_ABOUT_RETURN_TYPE = YES_ERROR;
				GCC_WARN_UNDECLARED_SELECTOR = YES;
				GCC_WARN_UNINITIALIZED_AUTOS = YES_AGGRESSIVE;
				GCC_WARN_UNUSED_FUNCTION = YES;
				GCC_WARN_UNUSED_VARIABLE = YES;
				IPHONEOS_DEPLOYMENT_TARGET = 17.0;
				LOCALIZATION_PREFERS_STRING_CATALOGS = YES;
				MTL_ENABLE_DEBUG_INFO = NO;
				MTL_FAST_MATH = YES;
				SDKROOT = iphoneos;
				SWIFT_COMPILATION_MODE = wholemodule;
				VALIDATE_PRODUCT = YES;
			};
			name = Release;
		};
		E721F8752B58F3FE00ADF3BA /* Debug */ = {
			isa = XCBuildConfiguration;
			buildSettings = {
				ASSETCATALOG_COMPILER_APPICON_NAME = AppIcon;
				ASSETCATALOG_COMPILER_GLOBAL_ACCENT_COLOR_NAME = AccentColor;
				CODE_SIGN_STYLE = Automatic;
				CURRENT_PROJECT_VERSION = 1;
				DEVELOPMENT_ASSET_PATHS = "\"MyApp/Preview Content\"";
				DEVELOPMENT_TEAM = 5R34C4W9P8;
				ENABLE_PREVIEWS = YES;
				GENERATE_INFOPLIST_FILE = YES;
				INFOPLIST_KEY_UIApplicationSceneManifest_Generation = YES;
				INFOPLIST_KEY_UIApplicationSupportsIndirectInputEvents = YES;
				INFOPLIST_KEY_UILaunchScreen_Generation = YES;
				INFOPLIST_KEY_UISupportedInterfaceOrientations_iPad = "UIInterfaceOrientationPortrait UIInterfaceOrientationPortraitUpsideDown UIInterfaceOrientationLandscapeLeft UIInterfaceOrientationLandscapeRight";
				INFOPLIST_KEY_UISupportedInterfaceOrientations_iPhone = "UIInterfaceOrientationPortrait UIInterfaceOrientationLandscapeLeft UIInterfaceOrientationLandscapeRight";
				LD_RUNPATH_SEARCH_PATHS = (
					"$(inherited)",
					"@executable_path/Frameworks",
				);
				MARKETING_VERSION = 1.0;
				PRODUCT_BUNDLE_IDENTIFIER = com.yooonji08.MyApp;
				PRODUCT_NAME = "$(TARGET_NAME)";
				SWIFT_EMIT_LOC_STRINGS = YES;
				SWIFT_VERSION = 5.0;
				TARGETED_DEVICE_FAMILY = "1,2";
			};
			name = Debug;
		};
		E721F8762B58F3FE00ADF3BA /* Release */ = {
			isa = XCBuildConfiguration;
			buildSettings = {
				ASSETCATALOG_COMPILER_APPICON_NAME = AppIcon;
				ASSETCATALOG_COMPILER_GLOBAL_ACCENT_COLOR_NAME = AccentColor;
				CODE_SIGN_STYLE = Automatic;
				CURRENT_PROJECT_VERSION = 1;
				DEVELOPMENT_ASSET_PATHS = "\"MyApp/Preview Content\"";
				DEVELOPMENT_TEAM = 5R34C4W9P8;
				ENABLE_PREVIEWS = YES;
				GENERATE_INFOPLIST_FILE = YES;
				INFOPLIST_KEY_UIApplicationSceneManifest_Generation = YES;
				INFOPLIST_KEY_UIApplicationSupportsIndirectInputEvents = YES;
				INFOPLIST_KEY_UILaunchScreen_Generation = YES;
				INFOPLIST_KEY_UISupportedInterfaceOrientations_iPad = "UIInterfaceOrientationPortrait UIInterfaceOrientationPortraitUpsideDown UIInterfaceOrientationLandscapeLeft UIInterfaceOrientationLandscapeRight";
				INFOPLIST_KEY_UISupportedInterfaceOrientations_iPhone = "UIInterfaceOrientationPortrait UIInterfaceOrientationLandscapeLeft UIInterfaceOrientationLandscapeRight";
				LD_RUNPATH_SEARCH_PATHS = (
					"$(inherited)",
					"@executable_path/Frameworks",
				);
				MARKETING_VERSION = 1.0;
				PRODUCT_BUNDLE_IDENTIFIER = com.yooonji08.MyApp;
				PRODUCT_NAME = "$(TARGET_NAME)";
				SWIFT_EMIT_LOC_STRINGS = YES;
				SWIFT_VERSION = 5.0;
				TARGETED_DEVICE_FAMILY = "1,2";
			};
			name = Release;
		};
/* End XCBuildConfiguration section */

/* Begin XCConfigurationList section */
		E721F8612B58F3FD00ADF3BA /* Build configuration list for PBXProject "MyApp" */ = {
			isa = XCConfigurationList;
			buildConfigurations = (
				E721F8722B58F3FE00ADF3BA /* Debug */,
				E721F8732B58F3FE00ADF3BA /* Release */,
			);
			defaultConfigurationIsVisible = 0;
			defaultConfigurationName = Release;
		};
		E721F8742B58F3FE00ADF3BA /* Build configuration list for PBXNativeTarget "MyApp" */ = {
			isa = XCConfigurationList;
			buildConfigurations = (
				E721F8752B58F3FE00ADF3BA /* Debug */,
				E721F8762B58F3FE00ADF3BA /* Release */,
			);
			defaultConfigurationIsVisible = 0;
			defaultConfigurationName = Release;
		};
/* End XCConfigurationList section */
	};
	rootObject = E721F85E2B58F3FD00ADF3BA /* Project object */;
}
